
Microsoft Visual Studio Solution File, Format Version 12.00
Project("{FAE04EC0-301F-11D3-BF4B-00C04F79EFBC}") = "Ranks", "Ranks\Ranks.csproj", "{CBE40C16-D380-4A5D-9AC2-B63F3196DA59}"
EndProject
Project("{FAE04EC0-301F-11D3-BF4B-00C04F79EFBC}") = "RanksApi", "RanksApi\RanksApi.csproj", "{A033C291-3642-46E7-A5CA-32FBB1B58A22}"
EndProject
Project("{FAE04EC0-301F-11D3-BF4B-00C04F79EFBC}") = "Ranks_ExStats_GeoIP", "Modules\Ranks_ExStats_GeoIP\Ranks_ExStats_GeoIP.csproj", "{D946E6CA-42A7-4702-9DAD-B92C179F6A95}"
EndProject
Project("{FAE04EC0-301F-11D3-BF4B-00C04F79EFBC}") = "Ranks_ExStats_Hits", "Modules\Ranks_ExStats_Hits\Ranks_ExStats_Hits.csproj", "{DC6A04DA-FF01-41A9-B7B2-F68A8CA56876}"
EndProject
Project("{FAE04EC0-301F-11D3-BF4B-00C04F79EFBC}") = "Ranks_FakeRank", "Modules\Ranks_FakeRank\Ranks_FakeRank.csproj", "{0D75554A-9298-4371-BF8D-E79EB7084A5B}"
EndProject
Project("{FAE04EC0-301F-11D3-BF4B-00C04F79EFBC}") = "Ranks_Tag", "Modules\Ranks_Tag\Ranks_Tag.csproj", "{37E0B055-3D79-4989-B8E3-419D274539A3}"
EndProject
Global
	GlobalSection(SolutionConfigurationPlatforms) = preSolution
		Debug|Any CPU = Debug|Any CPU
		Release|Any CPU = Release|Any CPU
	EndGlobalSection
	GlobalSection(ProjectConfigurationPlatforms) = postSolution
		{CBE40C16-D380-4A5D-9AC2-B63F3196DA59}.Debug|Any CPU.ActiveCfg = Debug|Any CPU
		{CBE40C16-D380-4A5D-9AC2-B63F3196DA59}.Debug|Any CPU.Build.0 = Debug|Any CPU
		{CBE40C16-D380-4A5D-9AC2-B63F3196DA59}.Release|Any CPU.ActiveCfg = Release|Any CPU
		{CBE40C16-D380-4A5D-9AC2-B63F3196DA59}.Release|Any CPU.Build.0 = Release|Any CPU
		{A033C291-3642-46E7-A5CA-32FBB1B58A22}.Debug|Any CPU.ActiveCfg = Debug|Any CPU
		{A033C291-3642-46E7-A5CA-32FBB1B58A22}.Debug|Any CPU.Build.0 = Debug|Any CPU
		{A033C291-3642-46E7-A5CA-32FBB1B58A22}.Release|Any CPU.ActiveCfg = Release|Any CPU
		{A033C291-3642-46E7-A5CA-32FBB1B58A22}.Release|Any CPU.Build.0 = Release|Any CPU
		{D946E6CA-42A7-4702-9DAD-B92C179F6A95}.Debug|Any CPU.ActiveCfg = Debug|Any CPU
		{D946E6CA-42A7-4702-9DAD-B92C179F6A95}.Debug|Any CPU.Build.0 = Debug|Any CPU
		{D946E6CA-42A7-4702-9DAD-B92C179F6A95}.Release|Any CPU.ActiveCfg = Release|Any CPU
		{D946E6CA-42A7-4702-9DAD-B92C179F6A95}.Release|Any CPU.Build.0 = Release|Any CPU
		{DC6A04DA-FF01-41A9-B7B2-F68A8CA56876}.Debug|Any CPU.ActiveCfg = Debug|Any CPU
		{DC6A04DA-FF01-41A9-B7B2-F68A8CA56876}.Debug|Any CPU.Build.0 = Debug|Any CPU
		{DC6A04DA-FF01-41A9-B7B2-F68A8CA56876}.Release|Any CPU.ActiveCfg = Release|Any CPU
		{DC6A04DA-FF01-41A9-B7B2-F68A8CA56876}.Release|Any CPU.Build.0 = Release|Any CPU
		{0D75554A-9298-4371-BF8D-E79EB7084A5B}.Debug|Any CPU.ActiveCfg = Debug|Any CPU
		{0D75554A-9298-4371-BF8D-E79EB7084A5B}.Debug|Any CPU.Build.0 = Debug|Any CPU
		{0D75554A-9298-4371-BF8D-E79EB7084A5B}.Release|Any CPU.ActiveCfg = Release|Any CPU
		{0D75554A-9298-4371-BF8D-E79EB7084A5B}.Release|Any CPU.Build.0 = Release|Any CPU
		{37E0B055-3D79-4989-B8E3-419D274539A3}.Debug|Any CPU.ActiveCfg = Debug|Any CPU
		{37E0B055-3D79-4989-B8E3-419D274539A3}.Debug|Any CPU.Build.0 = Debug|Any CPU
		{37E0B055-3D79-4989-B8E3-419D274539A3}.Release|Any CPU.ActiveCfg = Release|Any CPU
		{37E0B055-3D79-4989-B8E3-419D274539A3}.Release|Any CPU.Build.0 = Release|Any CPU
	EndGlobalSection
EndGlobal
